
Microsoft Visual Studio Solution File, Format Version 12.00
# Visual Studio 15
VisualStudioVersion = 15.0.27130.2003
MinimumVisualStudioVersion = 10.0.40219.1
Project("{FAE04EC0-301F-11D3-BF4B-00C04F79EFBC}") = "RiskAnalysis", "RiskAnalysis\RiskAnalysis.csproj", "{28211DDB-EFB2-4AC9-B5BC-5B3B6AFE1C05}"
EndProject
Project("{FAE04EC0-301F-11D3-BF4B-00C04F79EFBC}") = "ConsoleApp1", "ConsoleApp1\ConsoleApp1.csproj", "{32736F01-D837-4F1F-9E1B-CFBBE2BA0A81}"
EndProject
Project("{FAE04EC0-301F-11D3-BF4B-00C04F79EFBC}") = "UnitTestProject1", "UnitTestProject1\UnitTestProject1.csproj", "{21F6F7D2-0CC9-4269-B499-5C99B442CEB0}"
EndProject
Project("{FAE04EC0-301F-11D3-BF4B-00C04F79EFBC}") = "WpfApp1", "WpfApp1\WpfApp1.csproj", "{09D8B430-7726-4A3E-9156-2B3E3458BBB2}"
EndProject
Global
	GlobalSection(SolutionConfigurationPlatforms) = preSolution
		Debug|Any CPU = Debug|Any CPU
		Release|Any CPU = Release|Any CPU
	EndGlobalSection
	GlobalSection(ProjectConfigurationPlatforms) = postSolution
		{28211DDB-EFB2-4AC9-B5BC-5B3B6AFE1C05}.Debug|Any CPU.ActiveCfg = Debug|Any CPU
		{28211DDB-EFB2-4AC9-B5BC-5B3B6AFE1C05}.Debug|Any CPU.Build.0 = Debug|Any CPU
		{28211DDB-EFB2-4AC9-B5BC-5B3B6AFE1C05}.Release|Any CPU.ActiveCfg = Release|Any CPU
		{28211DDB-EFB2-4AC9-B5BC-5B3B6AFE1C05}.Release|Any CPU.Build.0 = Release|Any CPU
		{32736F01-D837-4F1F-9E1B-CFBBE2BA0A81}.Debug|Any CPU.ActiveCfg = Debug|Any CPU
		{32736F01-D837-4F1F-9E1B-CFBBE2BA0A81}.Debug|Any CPU.Build.0 = Debug|Any CPU
		{32736F01-D837-4F1F-9E1B-CFBBE2BA0A81}.Release|Any CPU.ActiveCfg = Release|Any CPU
		{32736F01-D837-4F1F-9E1B-CFBBE2BA0A81}.Release|Any CPU.Build.0 = Release|Any CPU
		{21F6F7D2-0CC9-4269-B499-5C99B442CEB0}.Debug|Any CPU.ActiveCfg = Debug|Any CPU
		{21F6F7D2-0CC9-4269-B499-5C99B442CEB0}.Debug|Any CPU.Build.0 = Debug|Any CPU
		{21F6F7D2-0CC9-4269-B499-5C99B442CEB0}.Release|Any CPU.ActiveCfg = Release|Any CPU
		{21F6F7D2-0CC9-4269-B499-5C99B442CEB0}.Release|Any CPU.Build.0 = Release|Any CPU
		{09D8B430-7726-4A3E-9156-2B3E3458BBB2}.Debug|Any CPU.ActiveCfg = Debug|Any CPU
		{09D8B430-7726-4A3E-9156-2B3E3458BBB2}.Debug|Any CPU.Build.0 = Debug|Any CPU
		{09D8B430-7726-4A3E-9156-2B3E3458BBB2}.Release|Any CPU.ActiveCfg = Release|Any CPU
		{09D8B430-7726-4A3E-9156-2B3E3458BBB2}.Release|Any CPU.Build.0 = Release|Any CPU
	EndGlobalSection
	GlobalSection(SolutionProperties) = preSolution
		HideSolutionNode = FALSE
	EndGlobalSection
	GlobalSection(ExtensibilityGlobals) = postSolution
		SolutionGuid = {318A8F40-0A50-4BB1-97BC-4856FB8CAF96}
	EndGlobalSection
EndGlobal
